<?xml version="1.0" encoding="utf-8"?>
<Project ToolsVersion="4.0" xmlns="http://schemas.microsoft.com/developer/msbuild/2003">
  <ItemGroup>
    <Filter Include="Source Files">
      <UniqueIdentifier>{4FC737F1-C7A5-4376-A066-2A32D752A2FF}</UniqueIdentifier>
      <Extensions>cpp;c;cc;cxx;c++;def;odl;idl;hpj;bat;asm;asmx</Extensions>
    </Filter>
    <Filter Include="Header Files">
      <UniqueIdentifier>{93995380-89BD-4b04-88EB-625FBE52EBFB}</UniqueIdentifier>
      <Extensions>h;hh;hpp;hxx;h++;hm;inl;inc;ipp;xsd</Extensions>
    </Filter>
    <Filter Include="Resource Files">
      <UniqueIdentifier>{67DA6AB6-F800-4c08-8B7A-83BB121AAD01}</UniqueIdentifier>
      <Extensions>rc;ico;cur;bmp;dlg;rc2;rct;bin;rgs;gif;jpg;jpeg;jpe;resx;tiff;tif;png;wav;mfcribbon-ms</Extensions>
    </Filter>
    <Filter Include="Header Files\Chunks">
      <UniqueIdentifier>{1d5e7b84-c73f-4451-ad0b-f088e207c6b4}</UniqueIdentifier>
    </Filter>
    <Filter Include="Source Files\Chunks">
      <UniqueIdentifier>{fce1f08c-c934-4c04-955c-830911bba294}</UniqueIdentifier>
    </Filter>
    <Filter Include="Source Files\lyra">
      <UniqueIdentifier>{00f71878-f568-4399-84da-90b142554f18}</UniqueIdentifier>
    </Filter>
  </ItemGroup>
  <ItemGroup>
    <ClInclude Include="olcPixelGameEngine.h">
      <Filter>Header Files</Filter>
    </ClInclude>
    <ClInclude Include="FileData.h">
      <Filter>Header Files</Filter>
    </ClInclude>
    <ClInclude Include="utility.h">
      <Filter>Header Files</Filter>
    </ClInclude>
    <ClInclude Include="Chunks\Unknown.h">
      <Filter>Header Files\Chunks</Filter>
    </ClInclude>
    <ClInclude Include="Chunks\InterleavedBitmap.h">
      <Filter>Header Files\Chunks</Filter>
    </ClInclude>
    <ClInclude Include="Chunks\CommodoreAmiga.h">
      <Filter>Header Files\Chunks</Filter>
    </ClInclude>
    <ClInclude Include="Chunks\ColorMap.h">
      <Filter>Header Files\Chunks</Filter>
    </ClInclude>
    <ClInclude Include="Chunks\Chunk.h">
      <Filter>Header Files\Chunks</Filter>
    </ClInclude>
    <ClInclude Include="Chunks\Body.h">
      <Filter>Header Files\Chunks</Filter>
    </ClInclude>
    <ClInclude Include="Chunks\BitmapHeader.h">
      <Filter>Header Files\Chunks</Filter>
    </ClInclude>
    <ClInclude Include="ColorLookup.h">
      <Filter>Header Files</Filter>
    </ClInclude>
    <ClInclude Include="lyra\lyra.hpp">
      <Filter>Source Files\lyra</Filter>
    </ClInclude>
    <ClInclude Include="RenderEngine.h">
      <Filter>Header Files</Filter>
    </ClInclude>
    <ClInclude Include="ImageFile.h">
      <Filter>Header Files</Filter>
    </ClInclude>
    <ClInclude Include="ColorRange.h">
      <Filter>Header Files\Chunks</Filter>
    </ClInclude>
    <ClInclude Include="DynamicColorRange.h">
      <Filter>Header Files\Chunks</Filter>
    </ClInclude>
  </ItemGroup>
  <ItemGroup>
    <ClCompile Include="main.cpp">
      <Filter>Source Files</Filter>
    </ClCompile>
    <ClCompile Include="FileData.cpp">
      <Filter>Source Files</Filter>
    </ClCompile>
    <ClCompile Include="utility.cpp">
      <Filter>Source Files</Filter>
    </ClCompile>
    <ClCompile Include="Chunks\Unknown.cpp">
      <Filter>Source Files\Chunks</Filter>
    </ClCompile>
    <ClCompile Include="Chunks\InterleavedBitmap.cpp">
      <Filter>Source Files\Chunks</Filter>
    </ClCompile>
    <ClCompile Include="Chunks\CommodoreAmiga.cpp">
      <Filter>Source Files\Chunks</Filter>
    </ClCompile>
    <ClCompile Include="Chunks\ColorMap.cpp">
      <Filter>Source Files\Chunks</Filter>
    </ClCompile>
    <ClCompile Include="Chunks\Chunk.cpp">
      <Filter>Source Files\Chunks</Filter>
    </ClCompile>
    <ClCompile Include="Chunks\Body.cpp">
      <Filter>Source Files\Chunks</Filter>
    </ClCompile>
    <ClCompile Include="Chunks\BitmapHeader.cpp">
      <Filter>Source Files\Chunks</Filter>
    </ClCompile>
    <ClCompile Include="ColorLookup.cpp">
      <Filter>Source Files</Filter>
    </ClCompile>
    <ClCompile Include="RenderEngine.cpp">
      <Filter>Source Files</Filter>
    </ClCompile>
    <ClCompile Include="ImageFile.cpp">
      <Filter>Source Files</Filter>
    </ClCompile>
    <ClCompile Include="ColorRange.cpp">
      <Filter>Source Files\Chunks</Filter>
    </ClCompile>
    <ClCompile Include="DynamicColorRange.cpp">
      <Filter>Source Files\Chunks</Filter>
    </ClCompile>
  </ItemGroup>
</Project>